
Microsoft Visual Studio Solution File, Format Version 12.00
# Visual Studio Version 16
VisualStudioVersion = 16.0.30225.117
MinimumVisualStudioVersion = 10.0.40219.1
Project("{FAE04EC0-301F-11D3-BF4B-00C04F79EFBC}") = "WebMotors.Challenge", "WebMotors.Challenge\WebMotors.Challenge.csproj", "{E24ABD39-3E09-410E-B370-5BFA5EE74224}"
EndProject
Project("{FAE04EC0-301F-11D3-BF4B-00C04F79EFBC}") = "WebMotors.Framework", "WebMotors.Framework\WebMotors.Framework.csproj", "{AB8B97CE-9D8A-4216-8D1E-C2074E8B001A}"
EndProject
Global
	GlobalSection(SolutionConfigurationPlatforms) = preSolution
		Debug|Any CPU = Debug|Any CPU
		Release|Any CPU = Release|Any CPU
	EndGlobalSection
	GlobalSection(ProjectConfigurationPlatforms) = postSolution
		{E24ABD39-3E09-410E-B370-5BFA5EE74224}.Debug|Any CPU.ActiveCfg = Debug|Any CPU
		{E24ABD39-3E09-410E-B370-5BFA5EE74224}.Debug|Any CPU.Build.0 = Debug|Any CPU
		{E24ABD39-3E09-410E-B370-5BFA5EE74224}.Release|Any CPU.ActiveCfg = Release|Any CPU
		{E24ABD39-3E09-410E-B370-5BFA5EE74224}.Release|Any CPU.Build.0 = Release|Any CPU
		{AB8B97CE-9D8A-4216-8D1E-C2074E8B001A}.Debug|Any CPU.ActiveCfg = Debug|Any CPU
		{AB8B97CE-9D8A-4216-8D1E-C2074E8B001A}.Debug|Any CPU.Build.0 = Debug|Any CPU
		{AB8B97CE-9D8A-4216-8D1E-C2074E8B001A}.Release|Any CPU.ActiveCfg = Release|Any CPU
		{AB8B97CE-9D8A-4216-8D1E-C2074E8B001A}.Release|Any CPU.Build.0 = Release|Any CPU
	EndGlobalSection
	GlobalSection(SolutionProperties) = preSolution
		HideSolutionNode = FALSE
	EndGlobalSection
	GlobalSection(ExtensibilityGlobals) = postSolution
		SolutionGuid = {7F0AA749-975C-4E28-9B55-181DBFC34E90}
	EndGlobalSection
EndGlobal
